
Microsoft Visual Studio Solution File, Format Version 12.00
# Visual Studio Version 17
VisualStudioVersion = 17.5.002.0
MinimumVisualStudioVersion = 10.0.40219.1
Project("{9A19103F-16F7-4668-BE54-9A1E7A4F7556}") = "MeuProjetoSelenium", "MeuProjetoSelenium.csproj", "{8DE8C8F1-2CBA-4707-A0D5-13CD1A897A6C}"
EndProject
Global
	GlobalSection(SolutionConfigurationPlatforms) = preSolution
		Debug|Any CPU = Debug|Any CPU
		Release|Any CPU = Release|Any CPU
	EndGlobalSection
	GlobalSection(ProjectConfigurationPlatforms) = postSolution
		{8DE8C8F1-2CBA-4707-A0D5-13CD1A897A6C}.Debug|Any CPU.ActiveCfg = Debug|Any CPU
		{8DE8C8F1-2CBA-4707-A0D5-13CD1A897A6C}.Debug|Any CPU.Build.0 = Debug|Any CPU
		{8DE8C8F1-2CBA-4707-A0D5-13CD1A897A6C}.Release|Any CPU.ActiveCfg = Release|Any CPU
		{8DE8C8F1-2CBA-4707-A0D5-13CD1A897A6C}.Release|Any CPU.Build.0 = Release|Any CPU
	EndGlobalSection
	GlobalSection(SolutionProperties) = preSolution
		HideSolutionNode = FALSE
	EndGlobalSection
	GlobalSection(ExtensibilityGlobals) = postSolution
		SolutionGuid = {4B426795-F750-4BC2-BA76-CBC3BD8943E1}
	EndGlobalSection
EndGlobal
